
Microsoft Visual Studio Solution File, Format Version 12.00
Project("{FAE04EC0-301F-11D3-BF4B-00C04F79EFBC}") = "lunakv_CloudDev_01", "lunakv_CloudDev_01\lunakv_CloudDev_01.csproj", "{2C97FBD3-9EFE-48A3-B7EF-1FF452159EBC}"
EndProject
Global
	GlobalSection(SolutionConfigurationPlatforms) = preSolution
		Debug|Any CPU = Debug|Any CPU
		Release|Any CPU = Release|Any CPU
	EndGlobalSection
	GlobalSection(ProjectConfigurationPlatforms) = postSolution
		{2C97FBD3-9EFE-48A3-B7EF-1FF452159EBC}.Debug|Any CPU.ActiveCfg = Debug|Any CPU
		{2C97FBD3-9EFE-48A3-B7EF-1FF452159EBC}.Debug|Any CPU.Build.0 = Debug|Any CPU
		{2C97FBD3-9EFE-48A3-B7EF-1FF452159EBC}.Release|Any CPU.ActiveCfg = Release|Any CPU
		{2C97FBD3-9EFE-48A3-B7EF-1FF452159EBC}.Release|Any CPU.Build.0 = Release|Any CPU
	EndGlobalSection
EndGlobal
